
Microsoft Visual Studio Solution File, Format Version 12.00
# Visual Studio 15
VisualStudioVersion = 15.0.26124.0
MinimumVisualStudioVersion = 15.0.26124.0
Project("{FAE04EC0-301F-11D3-BF4B-00C04F79EFBC}") = "selfReturn", "selfReturn\selfReturn.csproj", "{EF3A1B21-C9EB-4A71-9F60-A0A776E4E9D8}"
EndProject
Project("{FAE04EC0-301F-11D3-BF4B-00C04F79EFBC}") = "GatewayApi", "GatewayApi\GatewayApi.csproj", "{2CB9F0B5-B891-4BA1-8E06-23969C5F43D0}"
EndProject
Global
	GlobalSection(SolutionConfigurationPlatforms) = preSolution
		Debug|Any CPU = Debug|Any CPU
		Debug|x64 = Debug|x64
		Debug|x86 = Debug|x86
		Release|Any CPU = Release|Any CPU
		Release|x64 = Release|x64
		Release|x86 = Release|x86
	EndGlobalSection
	GlobalSection(SolutionProperties) = preSolution
		HideSolutionNode = FALSE
	EndGlobalSection
	GlobalSection(ProjectConfigurationPlatforms) = postSolution
		{EF3A1B21-C9EB-4A71-9F60-A0A776E4E9D8}.Debug|Any CPU.ActiveCfg = Debug|Any CPU
		{EF3A1B21-C9EB-4A71-9F60-A0A776E4E9D8}.Debug|Any CPU.Build.0 = Debug|Any CPU
		{EF3A1B21-C9EB-4A71-9F60-A0A776E4E9D8}.Debug|x64.ActiveCfg = Debug|Any CPU
		{EF3A1B21-C9EB-4A71-9F60-A0A776E4E9D8}.Debug|x64.Build.0 = Debug|Any CPU
		{EF3A1B21-C9EB-4A71-9F60-A0A776E4E9D8}.Debug|x86.ActiveCfg = Debug|Any CPU
		{EF3A1B21-C9EB-4A71-9F60-A0A776E4E9D8}.Debug|x86.Build.0 = Debug|Any CPU
		{EF3A1B21-C9EB-4A71-9F60-A0A776E4E9D8}.Release|Any CPU.ActiveCfg = Release|Any CPU
		{EF3A1B21-C9EB-4A71-9F60-A0A776E4E9D8}.Release|Any CPU.Build.0 = Release|Any CPU
		{EF3A1B21-C9EB-4A71-9F60-A0A776E4E9D8}.Release|x64.ActiveCfg = Release|Any CPU
		{EF3A1B21-C9EB-4A71-9F60-A0A776E4E9D8}.Release|x64.Build.0 = Release|Any CPU
		{EF3A1B21-C9EB-4A71-9F60-A0A776E4E9D8}.Release|x86.ActiveCfg = Release|Any CPU
		{EF3A1B21-C9EB-4A71-9F60-A0A776E4E9D8}.Release|x86.Build.0 = Release|Any CPU
		{2CB9F0B5-B891-4BA1-8E06-23969C5F43D0}.Debug|Any CPU.ActiveCfg = Debug|Any CPU
		{2CB9F0B5-B891-4BA1-8E06-23969C5F43D0}.Debug|Any CPU.Build.0 = Debug|Any CPU
		{2CB9F0B5-B891-4BA1-8E06-23969C5F43D0}.Debug|x64.ActiveCfg = Debug|Any CPU
		{2CB9F0B5-B891-4BA1-8E06-23969C5F43D0}.Debug|x64.Build.0 = Debug|Any CPU
		{2CB9F0B5-B891-4BA1-8E06-23969C5F43D0}.Debug|x86.ActiveCfg = Debug|Any CPU
		{2CB9F0B5-B891-4BA1-8E06-23969C5F43D0}.Debug|x86.Build.0 = Debug|Any CPU
		{2CB9F0B5-B891-4BA1-8E06-23969C5F43D0}.Release|Any CPU.ActiveCfg = Release|Any CPU
		{2CB9F0B5-B891-4BA1-8E06-23969C5F43D0}.Release|Any CPU.Build.0 = Release|Any CPU
		{2CB9F0B5-B891-4BA1-8E06-23969C5F43D0}.Release|x64.ActiveCfg = Release|Any CPU
		{2CB9F0B5-B891-4BA1-8E06-23969C5F43D0}.Release|x64.Build.0 = Release|Any CPU
		{2CB9F0B5-B891-4BA1-8E06-23969C5F43D0}.Release|x86.ActiveCfg = Release|Any CPU
		{2CB9F0B5-B891-4BA1-8E06-23969C5F43D0}.Release|x86.Build.0 = Release|Any CPU
	EndGlobalSection
EndGlobal
